
Microsoft Visual Studio Solution File, Format Version 12.00
# Visual Studio Version 17
VisualStudioVersion = 17.10.35013.160
MinimumVisualStudioVersion = 10.0.40219.1
Project("{FAE04EC0-301F-11D3-BF4B-00C04F79EFBC}") = "Polly.Test.Api", "Polly.Test.Api\Polly.Test.Api.csproj", "{EEAA5AAD-6933-43E1-8E9B-88E3F1491DDC}"
EndProject
Global
	GlobalSection(SolutionConfigurationPlatforms) = preSolution
		Debug|Any CPU = Debug|Any CPU
		Release|Any CPU = Release|Any CPU
	EndGlobalSection
	GlobalSection(ProjectConfigurationPlatforms) = postSolution
		{EEAA5AAD-6933-43E1-8E9B-88E3F1491DDC}.Debug|Any CPU.ActiveCfg = Debug|Any CPU
		{EEAA5AAD-6933-43E1-8E9B-88E3F1491DDC}.Debug|Any CPU.Build.0 = Debug|Any CPU
		{EEAA5AAD-6933-43E1-8E9B-88E3F1491DDC}.Release|Any CPU.ActiveCfg = Release|Any CPU
		{EEAA5AAD-6933-43E1-8E9B-88E3F1491DDC}.Release|Any CPU.Build.0 = Release|Any CPU
	EndGlobalSection
	GlobalSection(SolutionProperties) = preSolution
		HideSolutionNode = FALSE
	EndGlobalSection
	GlobalSection(ExtensibilityGlobals) = postSolution
		SolutionGuid = {FC686F5B-950F-4C7B-ADE8-7BC43B0FAFD8}
	EndGlobalSection
EndGlobal
